
Microsoft Visual Studio Solution File, Format Version 12.00
# Visual Studio Version 17
VisualStudioVersion = 17.2.32616.157
MinimumVisualStudioVersion = 10.0.40219.1
Project("{9A19103F-16F7-4668-BE54-9A1E7A4F7556}") = "Messaging.Abstractions", "Messaging.Abstractions\Messaging.Abstractions.csproj", "{0F82E594-0399-48E5-A452-EC5F4CBE2791}"
EndProject
Project("{9A19103F-16F7-4668-BE54-9A1E7A4F7556}") = "Messaging.RabbitMq", "Messaging.RabbitMq\Messaging.RabbitMq.csproj", "{5E5F4623-94AA-4978-9DE3-C2E721FA839C}"
EndProject
Project("{9A19103F-16F7-4668-BE54-9A1E7A4F7556}") = "TestConsole", "TestConsole\TestConsole.csproj", "{315B6B61-7906-4820-AE36-6AF6AB2B6490}"
EndProject
Project("{9A19103F-16F7-4668-BE54-9A1E7A4F7556}") = "SubscriberTestConsole", "SubscriberTestConsole\SubscriberTestConsole.csproj", "{B0A4DACC-C411-41C0-9437-8AD47C70C79C}"
EndProject
Project("{9A19103F-16F7-4668-BE54-9A1E7A4F7556}") = "Cqrs", "Cqrs\Cqrs.csproj", "{0257AC91-83A8-4562-96A2-4F8B3BA840E6}"
EndProject
Project("{9A19103F-16F7-4668-BE54-9A1E7A4F7556}") = "CqrsTestConsole", "CqrsTestConsole\CqrsTestConsole.csproj", "{C5E25513-0E08-4D98-8278-4254144E5A73}"
EndProject
Project("{9A19103F-16F7-4668-BE54-9A1E7A4F7556}") = "Saga", "Saga\Saga.csproj", "{14580635-C5A3-42FD-BEE8-8B0AA2ADECA6}"
EndProject
Project("{2150E333-8FDC-42A3-9474-1A3956D46DE8}") = "CqrsImplementation", "CqrsImplementation", "{4B6ADB00-D691-438B-A750-3F5AB63A3E6A}"
EndProject
Project("{2150E333-8FDC-42A3-9474-1A3956D46DE8}") = "MessagingImplementation", "MessagingImplementation", "{048661EF-9985-4C66-B1E3-FCB87DED4744}"
EndProject
Project("{2150E333-8FDC-42A3-9474-1A3956D46DE8}") = "SagaImplementation", "SagaImplementation", "{9AEDB813-A724-40CD-81A0-2D0CF28DFCC0}"
EndProject
Project("{FAE04EC0-301F-11D3-BF4B-00C04F79EFBC}") = "SagaTestConsole", "SagaTestConsole\SagaTestConsole.csproj", "{A4530671-CC90-47CB-B1EF-B95751222B67}"
EndProject
Global
	GlobalSection(SolutionConfigurationPlatforms) = preSolution
		Debug|Any CPU = Debug|Any CPU
		Release|Any CPU = Release|Any CPU
	EndGlobalSection
	GlobalSection(ProjectConfigurationPlatforms) = postSolution
		{0F82E594-0399-48E5-A452-EC5F4CBE2791}.Debug|Any CPU.ActiveCfg = Debug|Any CPU
		{0F82E594-0399-48E5-A452-EC5F4CBE2791}.Debug|Any CPU.Build.0 = Debug|Any CPU
		{0F82E594-0399-48E5-A452-EC5F4CBE2791}.Release|Any CPU.ActiveCfg = Release|Any CPU
		{0F82E594-0399-48E5-A452-EC5F4CBE2791}.Release|Any CPU.Build.0 = Release|Any CPU
		{5E5F4623-94AA-4978-9DE3-C2E721FA839C}.Debug|Any CPU.ActiveCfg = Debug|Any CPU
		{5E5F4623-94AA-4978-9DE3-C2E721FA839C}.Debug|Any CPU.Build.0 = Debug|Any CPU
		{5E5F4623-94AA-4978-9DE3-C2E721FA839C}.Release|Any CPU.ActiveCfg = Release|Any CPU
		{5E5F4623-94AA-4978-9DE3-C2E721FA839C}.Release|Any CPU.Build.0 = Release|Any CPU
		{315B6B61-7906-4820-AE36-6AF6AB2B6490}.Debug|Any CPU.ActiveCfg = Debug|Any CPU
		{315B6B61-7906-4820-AE36-6AF6AB2B6490}.Debug|Any CPU.Build.0 = Debug|Any CPU
		{315B6B61-7906-4820-AE36-6AF6AB2B6490}.Release|Any CPU.ActiveCfg = Release|Any CPU
		{315B6B61-7906-4820-AE36-6AF6AB2B6490}.Release|Any CPU.Build.0 = Release|Any CPU
		{B0A4DACC-C411-41C0-9437-8AD47C70C79C}.Debug|Any CPU.ActiveCfg = Debug|Any CPU
		{B0A4DACC-C411-41C0-9437-8AD47C70C79C}.Debug|Any CPU.Build.0 = Debug|Any CPU
		{B0A4DACC-C411-41C0-9437-8AD47C70C79C}.Release|Any CPU.ActiveCfg = Release|Any CPU
		{B0A4DACC-C411-41C0-9437-8AD47C70C79C}.Release|Any CPU.Build.0 = Release|Any CPU
		{0257AC91-83A8-4562-96A2-4F8B3BA840E6}.Debug|Any CPU.ActiveCfg = Debug|Any CPU
		{0257AC91-83A8-4562-96A2-4F8B3BA840E6}.Debug|Any CPU.Build.0 = Debug|Any CPU
		{0257AC91-83A8-4562-96A2-4F8B3BA840E6}.Release|Any CPU.ActiveCfg = Release|Any CPU
		{0257AC91-83A8-4562-96A2-4F8B3BA840E6}.Release|Any CPU.Build.0 = Release|Any CPU
		{C5E25513-0E08-4D98-8278-4254144E5A73}.Debug|Any CPU.ActiveCfg = Debug|Any CPU
		{C5E25513-0E08-4D98-8278-4254144E5A73}.Debug|Any CPU.Build.0 = Debug|Any CPU
		{C5E25513-0E08-4D98-8278-4254144E5A73}.Release|Any CPU.ActiveCfg = Release|Any CPU
		{C5E25513-0E08-4D98-8278-4254144E5A73}.Release|Any CPU.Build.0 = Release|Any CPU
		{14580635-C5A3-42FD-BEE8-8B0AA2ADECA6}.Debug|Any CPU.ActiveCfg = Debug|Any CPU
		{14580635-C5A3-42FD-BEE8-8B0AA2ADECA6}.Debug|Any CPU.Build.0 = Debug|Any CPU
		{14580635-C5A3-42FD-BEE8-8B0AA2ADECA6}.Release|Any CPU.ActiveCfg = Release|Any CPU
		{14580635-C5A3-42FD-BEE8-8B0AA2ADECA6}.Release|Any CPU.Build.0 = Release|Any CPU
		{A4530671-CC90-47CB-B1EF-B95751222B67}.Debug|Any CPU.ActiveCfg = Debug|Any CPU
		{A4530671-CC90-47CB-B1EF-B95751222B67}.Debug|Any CPU.Build.0 = Debug|Any CPU
		{A4530671-CC90-47CB-B1EF-B95751222B67}.Release|Any CPU.ActiveCfg = Release|Any CPU
		{A4530671-CC90-47CB-B1EF-B95751222B67}.Release|Any CPU.Build.0 = Release|Any CPU
	EndGlobalSection
	GlobalSection(SolutionProperties) = preSolution
		HideSolutionNode = FALSE
	EndGlobalSection
	GlobalSection(NestedProjects) = preSolution
		{0F82E594-0399-48E5-A452-EC5F4CBE2791} = {048661EF-9985-4C66-B1E3-FCB87DED4744}
		{5E5F4623-94AA-4978-9DE3-C2E721FA839C} = {048661EF-9985-4C66-B1E3-FCB87DED4744}
		{315B6B61-7906-4820-AE36-6AF6AB2B6490} = {048661EF-9985-4C66-B1E3-FCB87DED4744}
		{B0A4DACC-C411-41C0-9437-8AD47C70C79C} = {048661EF-9985-4C66-B1E3-FCB87DED4744}
		{0257AC91-83A8-4562-96A2-4F8B3BA840E6} = {4B6ADB00-D691-438B-A750-3F5AB63A3E6A}
		{C5E25513-0E08-4D98-8278-4254144E5A73} = {4B6ADB00-D691-438B-A750-3F5AB63A3E6A}
		{14580635-C5A3-42FD-BEE8-8B0AA2ADECA6} = {9AEDB813-A724-40CD-81A0-2D0CF28DFCC0}
		{A4530671-CC90-47CB-B1EF-B95751222B67} = {9AEDB813-A724-40CD-81A0-2D0CF28DFCC0}
	EndGlobalSection
	GlobalSection(ExtensibilityGlobals) = postSolution
		SolutionGuid = {461FFCB2-3970-4E84-9DA2-D8CEAAF8555A}
	EndGlobalSection
EndGlobal
