
Microsoft Visual Studio Solution File, Format Version 12.00
# Visual Studio Version 17
VisualStudioVersion = 17.2.32616.157
MinimumVisualStudioVersion = 10.0.40219.1
Project("{9A19103F-16F7-4668-BE54-9A1E7A4F7556}") = "Messaging.Abstractions", "Messaging.Abstractions\Messaging.Abstractions.csproj", "{0F82E594-0399-48E5-A452-EC5F4CBE2791}"
EndProject
Project("{9A19103F-16F7-4668-BE54-9A1E7A4F7556}") = "Messaging.RabbitMq", "Messaging.RabbitMq\Messaging.RabbitMq.csproj", "{5E5F4623-94AA-4978-9DE3-C2E721FA839C}"
EndProject
Project("{FAE04EC0-301F-11D3-BF4B-00C04F79EFBC}") = "TestConsole", "TestConsole\TestConsole.csproj", "{315B6B61-7906-4820-AE36-6AF6AB2B6490}"
EndProject
Global
	GlobalSection(SolutionConfigurationPlatforms) = preSolution
		Debug|Any CPU = Debug|Any CPU
		Release|Any CPU = Release|Any CPU
	EndGlobalSection
	GlobalSection(ProjectConfigurationPlatforms) = postSolution
		{0F82E594-0399-48E5-A452-EC5F4CBE2791}.Debug|Any CPU.ActiveCfg = Debug|Any CPU
		{0F82E594-0399-48E5-A452-EC5F4CBE2791}.Debug|Any CPU.Build.0 = Debug|Any CPU
		{0F82E594-0399-48E5-A452-EC5F4CBE2791}.Release|Any CPU.ActiveCfg = Release|Any CPU
		{0F82E594-0399-48E5-A452-EC5F4CBE2791}.Release|Any CPU.Build.0 = Release|Any CPU
		{5E5F4623-94AA-4978-9DE3-C2E721FA839C}.Debug|Any CPU.ActiveCfg = Debug|Any CPU
		{5E5F4623-94AA-4978-9DE3-C2E721FA839C}.Debug|Any CPU.Build.0 = Debug|Any CPU
		{5E5F4623-94AA-4978-9DE3-C2E721FA839C}.Release|Any CPU.ActiveCfg = Release|Any CPU
		{5E5F4623-94AA-4978-9DE3-C2E721FA839C}.Release|Any CPU.Build.0 = Release|Any CPU
		{315B6B61-7906-4820-AE36-6AF6AB2B6490}.Debug|Any CPU.ActiveCfg = Debug|Any CPU
		{315B6B61-7906-4820-AE36-6AF6AB2B6490}.Debug|Any CPU.Build.0 = Debug|Any CPU
		{315B6B61-7906-4820-AE36-6AF6AB2B6490}.Release|Any CPU.ActiveCfg = Release|Any CPU
		{315B6B61-7906-4820-AE36-6AF6AB2B6490}.Release|Any CPU.Build.0 = Release|Any CPU
	EndGlobalSection
	GlobalSection(SolutionProperties) = preSolution
		HideSolutionNode = FALSE
	EndGlobalSection
	GlobalSection(ExtensibilityGlobals) = postSolution
		SolutionGuid = {461FFCB2-3970-4E84-9DA2-D8CEAAF8555A}
	EndGlobalSection
EndGlobal
